<?xml version="1.0" encoding="utf-8"?>
<Project ToolsVersion="4.0" xmlns="http://schemas.microsoft.com/developer/msbuild/2003">
  <ItemGroup>
    <Filter Include="Source Files">
      <UniqueIdentifier>{4FC737F1-C7A5-4376-A066-2A32D752A2FF}</UniqueIdentifier>
      <Extensions>cpp;c;cc;cxx;c++;cppm;ixx;def;odl;idl;hpj;bat;asm;asmx</Extensions>
    </Filter>
    <Filter Include="Header Files">
      <UniqueIdentifier>{93995380-89BD-4b04-88EB-625FBE52EBFB}</UniqueIdentifier>
      <Extensions>h;hh;hpp;hxx;h++;hm;inl;inc;ipp;xsd</Extensions>
    </Filter>
    <Filter Include="Resource Files">
      <UniqueIdentifier>{67DA6AB6-F800-4c08-8B7A-83BB121AAD01}</UniqueIdentifier>
      <Extensions>rc;ico;cur;bmp;dlg;rc2;rct;bin;rgs;gif;jpg;jpeg;jpe;resx;tiff;tif;png;wav;mfcribbon-ms</Extensions>
    </Filter>
    <Filter Include="Game">
      <UniqueIdentifier>{e09d3c98-8a13-4f3b-a4f4-e1c54effa63e}</UniqueIdentifier>
    </Filter>
    <Filter Include="DX3D">
      <UniqueIdentifier>{9c54323a-1ec4-4cbd-8a6f-75a01d1b831f}</UniqueIdentifier>
    </Filter>
    <Filter Include="DX3D\Include">
      <UniqueIdentifier>{a8adce35-0bd8-4fb8-9b4e-1728f6c22e8a}</UniqueIdentifier>
    </Filter>
    <Filter Include="DX3D\Source">
      <UniqueIdentifier>{bb680f1a-d363-4e62-962d-6e4de445019c}</UniqueIdentifier>
    </Filter>
    <Filter Include="DX3D\Include\DX3D">
      <UniqueIdentifier>{d03552a2-92a0-4242-b90c-39e2596250bf}</UniqueIdentifier>
    </Filter>
    <Filter Include="DX3D\Source\DX3D">
      <UniqueIdentifier>{8bd5d7ee-2772-4883-94b0-62a087a23d7a}</UniqueIdentifier>
    </Filter>
    <Filter Include="DX3D\Include\DX3D\Core">
      <UniqueIdentifier>{7dcab986-1433-429d-9568-82d54b03b742}</UniqueIdentifier>
    </Filter>
    <Filter Include="DX3D\Source\DX3D\Core">
      <UniqueIdentifier>{ef4b5fa4-6083-4a0e-881a-0e1922e49cf3}</UniqueIdentifier>
    </Filter>
    <Filter Include="DX3D\Include\DX3D\Window">
      <UniqueIdentifier>{5847a6f7-0c1e-4341-942f-441813f08fe5}</UniqueIdentifier>
    </Filter>
    <Filter Include="DX3D\Source\DX3D\Window">
      <UniqueIdentifier>{4fc37541-71fd-4016-a53a-881b85594c5b}</UniqueIdentifier>
    </Filter>
    <Filter Include="DX3D\Source\DX3D\Window\Win32">
      <UniqueIdentifier>{f433c896-34a3-44a0-afc5-d23e6696e0d2}</UniqueIdentifier>
    </Filter>
    <Filter Include="DX3D\Include\DX3D\Game">
      <UniqueIdentifier>{d9e10b41-3d42-4803-a398-84c962fd9bf6}</UniqueIdentifier>
    </Filter>
    <Filter Include="DX3D\Source\DX3D\Game">
      <UniqueIdentifier>{bfbba54b-bcfe-4aaf-ac6d-2e5fbdc174b1}</UniqueIdentifier>
    </Filter>
    <Filter Include="DX3D\Source\DX3D\Game\Win32">
      <UniqueIdentifier>{68c0933f-c9d8-482a-b2f7-ed5ae16d76b2}</UniqueIdentifier>
    </Filter>
    <Filter Include="DX3D\Include\DX3D\Graphics">
      <UniqueIdentifier>{296ad549-7f91-4bb5-bc5d-5bb0fa03d45d}</UniqueIdentifier>
    </Filter>
    <Filter Include="DX3D\Source\DX3D\Graphics">
      <UniqueIdentifier>{0baca0a7-7b5b-4bb8-87da-aeb153823e0a}</UniqueIdentifier>
    </Filter>
  </ItemGroup>
  <ItemGroup>
    <ClCompile Include="main.cpp">
      <Filter>Game</Filter>
    </ClCompile>
    <ClCompile Include="Base.cpp">
      <Filter>DX3D\Source\DX3D\Core</Filter>
    </ClCompile>
    <ClCompile Include="Win32Window.cpp">
      <Filter>DX3D\Source\DX3D\Window\Win32</Filter>
    </ClCompile>
    <ClCompile Include="Game.cpp">
      <Filter>DX3D\Source\DX3D\Game</Filter>
    </ClCompile>
    <ClCompile Include="Win32Game.cpp">
      <Filter>DX3D\Source\DX3D\Game\Win32</Filter>
    </ClCompile>
    <ClCompile Include="GraphicsEngine.cpp">
      <Filter>DX3D\Source\DX3D\Graphics</Filter>
    </ClCompile>
    <ClCompile Include="RenderSystem.cpp">
      <Filter>DX3D\Source\DX3D\Graphics</Filter>
    </ClCompile>
    <ClCompile Include="Logger.cpp">
      <Filter>DX3D\Source\DX3D\Core</Filter>
    </ClCompile>
  </ItemGroup>
  <ItemGroup>
    <None Include="Readme.md">
      <Filter>Game</Filter>
    </None>
  </ItemGroup>
  <ItemGroup>
    <ClInclude Include="Base.h">
      <Filter>DX3D\Include\DX3D\Core</Filter>
    </ClInclude>
    <ClInclude Include="Window.h">
      <Filter>DX3D\Include\DX3D\Window</Filter>
    </ClInclude>
    <ClInclude Include="Game.h">
      <Filter>DX3D\Include\DX3D\Game</Filter>
    </ClInclude>
    <ClInclude Include="Core.h">
      <Filter>DX3D\Include\DX3D\Core</Filter>
    </ClInclude>
    <ClInclude Include="All.h">
      <Filter>DX3D\Include</Filter>
    </ClInclude>
    <ClInclude Include="GraphicsEngine.h">
      <Filter>DX3D\Include\DX3D\Graphics</Filter>
    </ClInclude>
    <ClInclude Include="RenderSystem.h">
      <Filter>DX3D\Source\DX3D\Graphics</Filter>
    </ClInclude>
    <ClInclude Include="Logger.h">
      <Filter>DX3D\Include\DX3D\Core</Filter>
    </ClInclude>
    <ClInclude Include="Common.h">
      <Filter>DX3D\Include\DX3D\Core</Filter>
    </ClInclude>
    <ClInclude Include="GraphicsLogUtils.h">
      <Filter>DX3D\Source\DX3D\Graphics</Filter>
    </ClInclude>
  </ItemGroup>
</Project>